<?xml version="1.0" encoding="utf-8"?>
<Project ToolsVersion="4.0" xmlns="http://schemas.microsoft.com/developer/msbuild/2003">
  <ItemGroup>
    <Filter Include="源文件">
      <UniqueIdentifier>{4FC737F1-C7A5-4376-A066-2A32D752A2FF}</UniqueIdentifier>
      <Extensions>cpp;c;cc;cxx;def;odl;idl;hpj;bat;asm;asmx</Extensions>
    </Filter>
    <Filter Include="头文件">
      <UniqueIdentifier>{93995380-89BD-4b04-88EB-625FBE52EBFB}</UniqueIdentifier>
      <Extensions>h;hh;hpp;hxx;hm;inl;inc;xsd</Extensions>
    </Filter>
    <Filter Include="资源文件">
      <UniqueIdentifier>{67DA6AB6-F800-4c08-8B7A-83BB121AAD01}</UniqueIdentifier>
      <Extensions>rc;ico;cur;bmp;dlg;rc2;rct;bin;rgs;gif;jpg;jpeg;jpe;resx;tiff;tif;png;wav;mfcribbon-ms</Extensions>
    </Filter>
  </ItemGroup>
  <ItemGroup>
    <ClCompile Include="main.cpp">
      <Filter>源文件</Filter>
    </ClCompile>
    <ClCompile Include="test.h">
      <Filter>头文件</Filter>
    </ClCompile>
    <ClCompile Include="resolve1003.h">
      <Filter>头文件</Filter>
    </ClCompile>
    <ClCompile Include="resolve1003.cpp">
      <Filter>源文件</Filter>
    </ClCompile>
    <ClCompile Include="test.cpp">
      <Filter>源文件</Filter>
    </ClCompile>
    <ClCompile Include="common.cpp">
      <Filter>源文件</Filter>
    </ClCompile>
    <ClCompile Include="resolve1004.cpp">
      <Filter>源文件</Filter>
    </ClCompile>
    <ClCompile Include="resolve1005.cpp">
      <Filter>源文件</Filter>
    </ClCompile>
    <ClCompile Include="resolve1006.cpp">
      <Filter>源文件</Filter>
    </ClCompile>
    <ClCompile Include="resolve1007.cpp">
      <Filter>源文件</Filter>
    </ClCompile>
    <ClCompile Include="resolve1008.cpp">
      <Filter>源文件</Filter>
    </ClCompile>
    <ClCompile Include="resolve1009.cpp">
      <Filter>源文件</Filter>
    </ClCompile>
    <ClCompile Include="resolve1010.cpp">
      <Filter>源文件</Filter>
    </ClCompile>
    <ClCompile Include="resolve1011.cpp">
      <Filter>源文件</Filter>
    </ClCompile>
    <ClCompile Include="resolve1012.cpp">
      <Filter>源文件</Filter>
    </ClCompile>
    <ClCompile Include="resolve1013.cpp">
      <Filter>源文件</Filter>
    </ClCompile>
    <ClCompile Include="resolve1014.cpp">
      <Filter>源文件</Filter>
    </ClCompile>
    <ClCompile Include="resolve1015.cpp">
      <Filter>源文件</Filter>
    </ClCompile>
    <ClCompile Include="resolve1016.cpp">
      <Filter>源文件</Filter>
    </ClCompile>
    <ClCompile Include="resolve1017.cpp">
      <Filter>源文件</Filter>
    </ClCompile>
    <ClCompile Include="resolve1018.cpp">
      <Filter>源文件</Filter>
    </ClCompile>
    <ClCompile Include="resolve1019.cpp">
      <Filter>源文件</Filter>
    </ClCompile>
    <ClCompile Include="resolve1020.cpp">
      <Filter>源文件</Filter>
    </ClCompile>
    <ClCompile Include="resolve1021.cpp">
      <Filter>源文件</Filter>
    </ClCompile>
    <ClCompile Include="resolve1022.cpp">
      <Filter>源文件</Filter>
    </ClCompile>
    <ClCompile Include="resolve1023.cpp">
      <Filter>源文件</Filter>
    </ClCompile>
    <ClCompile Include="resolve1024.cpp">
      <Filter>源文件</Filter>
    </ClCompile>
    <ClCompile Include="resolve1025.cpp">
      <Filter>源文件</Filter>
    </ClCompile>
    <ClCompile Include="resolve1026.cpp">
      <Filter>源文件</Filter>
    </ClCompile>
    <ClCompile Include="resolve1027.cpp">
      <Filter>源文件</Filter>
    </ClCompile>
    <ClCompile Include="resolve1028.cpp">
      <Filter>源文件</Filter>
    </ClCompile>
    <ClCompile Include="resolve1029.cpp">
      <Filter>源文件</Filter>
    </ClCompile>
    <ClCompile Include="resolve1030.cpp">
      <Filter>源文件</Filter>
    </ClCompile>
    <ClCompile Include="resolve1031.cpp">
      <Filter>源文件</Filter>
    </ClCompile>
    <ClCompile Include="resolve1032.cpp">
      <Filter>源文件</Filter>
    </ClCompile>
    <ClCompile Include="resolve1033.cpp">
      <Filter>源文件</Filter>
    </ClCompile>
    <ClCompile Include="resolve1034.cpp">
      <Filter>源文件</Filter>
    </ClCompile>
    <ClCompile Include="resolve1035.cpp">
      <Filter>源文件</Filter>
    </ClCompile>
    <ClCompile Include="resolve1036.cpp">
      <Filter>源文件</Filter>
    </ClCompile>
    <ClCompile Include="resolve1037.cpp">
      <Filter>源文件</Filter>
    </ClCompile>
    <ClCompile Include="resolve1038.cpp">
      <Filter>源文件</Filter>
    </ClCompile>
    <ClCompile Include="resolve1039.cpp">
      <Filter>源文件</Filter>
    </ClCompile>
    <ClCompile Include="resolve1040.cpp">
      <Filter>源文件</Filter>
    </ClCompile>
    <ClCompile Include="resolve1041.cpp">
      <Filter>源文件</Filter>
    </ClCompile>
    <ClCompile Include="resolve1042.cpp">
      <Filter>源文件</Filter>
    </ClCompile>
    <ClCompile Include="resolve1043.cpp">
      <Filter>源文件</Filter>
    </ClCompile>
    <ClCompile Include="resolve1044.cpp">
      <Filter>源文件</Filter>
    </ClCompile>
    <ClCompile Include="resolve1045.cpp">
      <Filter>源文件</Filter>
    </ClCompile>
    <ClCompile Include="resolve1046.cpp">
      <Filter>源文件</Filter>
    </ClCompile>
    <ClCompile Include="resolve1047.cpp">
      <Filter>源文件</Filter>
    </ClCompile>
    <ClCompile Include="resolve1048.cpp">
      <Filter>源文件</Filter>
    </ClCompile>
    <ClCompile Include="resolve1049.cpp">
      <Filter>源文件</Filter>
    </ClCompile>
    <ClCompile Include="resolve1050.cpp">
      <Filter>源文件</Filter>
    </ClCompile>
    <ClCompile Include="resolve1051.cpp">
      <Filter>源文件</Filter>
    </ClCompile>
    <ClCompile Include="resolve1052.cpp">
      <Filter>源文件</Filter>
    </ClCompile>
    <ClCompile Include="resolve1053.cpp">
      <Filter>源文件</Filter>
    </ClCompile>
    <ClCompile Include="resolve1054.cpp">
      <Filter>源文件</Filter>
    </ClCompile>
    <ClCompile Include="resolve1055.cpp">
      <Filter>源文件</Filter>
    </ClCompile>
    <ClCompile Include="resolve1056.cpp">
      <Filter>源文件</Filter>
    </ClCompile>
    <ClCompile Include="resolve1057.cpp">
      <Filter>源文件</Filter>
    </ClCompile>
    <ClCompile Include="resolve1058.cpp">
      <Filter>源文件</Filter>
    </ClCompile>
    <ClCompile Include="resolve1059.cpp">
      <Filter>源文件</Filter>
    </ClCompile>
    <ClCompile Include="resolve1061.cpp">
      <Filter>源文件</Filter>
    </ClCompile>
    <ClCompile Include="resolve1062.cpp">
      <Filter>源文件</Filter>
    </ClCompile>
    <ClCompile Include="resolve1063.cpp">
      <Filter>源文件</Filter>
    </ClCompile>
    <ClCompile Include="resolve1064.cpp">
      <Filter>源文件</Filter>
    </ClCompile>
    <ClCompile Include="resolve1065.cpp">
      <Filter>源文件</Filter>
    </ClCompile>
    <ClCompile Include="resolve1067.cpp">
      <Filter>源文件</Filter>
    </ClCompile>
    <ClCompile Include="resolve1066.cpp">
      <Filter>源文件</Filter>
    </ClCompile>
    <ClCompile Include="resolve1060.cpp">
      <Filter>源文件</Filter>
    </ClCompile>
    <ClCompile Include="resolve1068.cpp">
      <Filter>源文件</Filter>
    </ClCompile>
    <ClCompile Include="resolve1069.cpp">
      <Filter>源文件</Filter>
    </ClCompile>
    <ClCompile Include="resolve1070.cpp">
      <Filter>源文件</Filter>
    </ClCompile>
    <ClCompile Include="resolve1094.cpp">
      <Filter>源文件</Filter>
    </ClCompile>
    <ClCompile Include="resolve1093.cpp">
      <Filter>源文件</Filter>
    </ClCompile>
    <ClCompile Include="resolve1092.cpp">
      <Filter>源文件</Filter>
    </ClCompile>
    <ClCompile Include="resolve1091.cpp">
      <Filter>源文件</Filter>
    </ClCompile>
    <ClCompile Include="resolve1090.cpp">
      <Filter>源文件</Filter>
    </ClCompile>
    <ClCompile Include="resolve1089.cpp">
      <Filter>源文件</Filter>
    </ClCompile>
    <ClCompile Include="resolve1088.cpp">
      <Filter>源文件</Filter>
    </ClCompile>
    <ClCompile Include="resolve1087.cpp">
      <Filter>源文件</Filter>
    </ClCompile>
    <ClCompile Include="resolve1086.cpp">
      <Filter>源文件</Filter>
    </ClCompile>
    <ClCompile Include="resolve1085.cpp">
      <Filter>源文件</Filter>
    </ClCompile>
    <ClCompile Include="resolve1084.cpp">
      <Filter>源文件</Filter>
    </ClCompile>
    <ClCompile Include="resolve1083.cpp">
      <Filter>源文件</Filter>
    </ClCompile>
    <ClCompile Include="resolve1082.cpp">
      <Filter>源文件</Filter>
    </ClCompile>
    <ClCompile Include="resolve1081.cpp">
      <Filter>源文件</Filter>
    </ClCompile>
    <ClCompile Include="resolve1080.cpp">
      <Filter>源文件</Filter>
    </ClCompile>
    <ClCompile Include="resolve1079.cpp">
      <Filter>源文件</Filter>
    </ClCompile>
    <ClCompile Include="resolve1078.cpp">
      <Filter>源文件</Filter>
    </ClCompile>
    <ClCompile Include="resolve1077.cpp">
      <Filter>源文件</Filter>
    </ClCompile>
    <ClCompile Include="resolve1076.cpp">
      <Filter>源文件</Filter>
    </ClCompile>
    <ClCompile Include="resolve1075.cpp">
      <Filter>源文件</Filter>
    </ClCompile>
    <ClCompile Include="resolve1074.cpp">
      <Filter>源文件</Filter>
    </ClCompile>
    <ClCompile Include="resolve1073.cpp">
      <Filter>源文件</Filter>
    </ClCompile>
    <ClCompile Include="resolve1072.cpp">
      <Filter>源文件</Filter>
    </ClCompile>
    <ClCompile Include="resolve1071.cpp">
      <Filter>源文件</Filter>
    </ClCompile>
    <ClCompile Include="resolve1095.cpp">
      <Filter>源文件</Filter>
    </ClCompile>
    <ClCompile Include="resolve1096.cpp">
      <Filter>源文件</Filter>
    </ClCompile>
    <ClCompile Include="resolve1097.cpp">
      <Filter>源文件</Filter>
    </ClCompile>
    <ClCompile Include="resolve1098.cpp">
      <Filter>源文件</Filter>
    </ClCompile>
    <ClCompile Include="resolve1099.cpp">
      <Filter>源文件</Filter>
    </ClCompile>
    <ClCompile Include="resolve1100.cpp">
      <Filter>源文件</Filter>
    </ClCompile>
    <ClCompile Include="resolve1101.cpp">
      <Filter>源文件</Filter>
    </ClCompile>
    <ClCompile Include="resolve1102.cpp">
      <Filter>源文件</Filter>
    </ClCompile>
    <ClCompile Include="exam1.cpp">
      <Filter>源文件</Filter>
    </ClCompile>
    <ClCompile Include="exam2.cpp">
      <Filter>源文件</Filter>
    </ClCompile>
    <ClCompile Include="exam3.cpp">
      <Filter>源文件</Filter>
    </ClCompile>
    <ClCompile Include="exam4.cpp">
      <Filter>源文件</Filter>
    </ClCompile>
    <ClCompile Include="resolve1103.cpp">
      <Filter>源文件</Filter>
    </ClCompile>
    <ClCompile Include="resolve1104.cpp">
      <Filter>源文件</Filter>
    </ClCompile>
    <ClCompile Include="resolve1105.cpp">
      <Filter>源文件</Filter>
    </ClCompile>
    <ClCompile Include="resolve1106.cpp">
      <Filter>源文件</Filter>
    </ClCompile>
    <ClCompile Include="resolve1107.cpp">
      <Filter>源文件</Filter>
    </ClCompile>
    <ClCompile Include="resolve1108.cpp">
      <Filter>源文件</Filter>
    </ClCompile>
    <ClCompile Include="resolve1109.cpp">
      <Filter>源文件</Filter>
    </ClCompile>
    <ClCompile Include="resolve1110.cpp">
      <Filter>源文件</Filter>
    </ClCompile>
    <ClCompile Include="resolve1111.cpp">
      <Filter>源文件</Filter>
    </ClCompile>
    <ClCompile Include="resolve1112.cpp">
      <Filter>源文件</Filter>
    </ClCompile>
    <ClCompile Include="resolve1113.cpp">
      <Filter>源文件</Filter>
    </ClCompile>
    <ClCompile Include="resolve1114.cpp">
      <Filter>源文件</Filter>
    </ClCompile>
    <ClCompile Include="resolve1115.cpp">
      <Filter>源文件</Filter>
    </ClCompile>
    <ClCompile Include="resolve1116.cpp">
      <Filter>源文件</Filter>
    </ClCompile>
    <ClCompile Include="resolve1117.cpp">
      <Filter>源文件</Filter>
    </ClCompile>
    <ClCompile Include="resolve1118.cpp">
      <Filter>源文件</Filter>
    </ClCompile>
    <ClCompile Include="resolve1119.cpp">
      <Filter>源文件</Filter>
    </ClCompile>
    <ClCompile Include="resolve1120.cpp">
      <Filter>源文件</Filter>
    </ClCompile>
    <ClCompile Include="resolve1121.cpp">
      <Filter>源文件</Filter>
    </ClCompile>
    <ClCompile Include="resolve1122.cpp">
      <Filter>源文件</Filter>
    </ClCompile>
    <ClCompile Include="resolve1123.cpp">
      <Filter>源文件</Filter>
    </ClCompile>
    <ClCompile Include="resolve1124.cpp">
      <Filter>源文件</Filter>
    </ClCompile>
    <ClCompile Include="resolve1125.cpp">
      <Filter>源文件</Filter>
    </ClCompile>
    <ClCompile Include="resolve1126.cpp">
      <Filter>源文件</Filter>
    </ClCompile>
    <ClCompile Include="resolve1127.cpp">
      <Filter>源文件</Filter>
    </ClCompile>
    <ClCompile Include="resolve1128.cpp">
      <Filter>源文件</Filter>
    </ClCompile>
    <ClCompile Include="resolve1129.cpp">
      <Filter>源文件</Filter>
    </ClCompile>
    <ClCompile Include="resolve1130.cpp">
      <Filter>源文件</Filter>
    </ClCompile>
    <ClCompile Include="resolve1131.cpp">
      <Filter>源文件</Filter>
    </ClCompile>
    <ClCompile Include="resolve1132.cpp">
      <Filter>源文件</Filter>
    </ClCompile>
    <ClCompile Include="resolve1133.cpp">
      <Filter>源文件</Filter>
    </ClCompile>
    <ClCompile Include="resolve1134.cpp">
      <Filter>源文件</Filter>
    </ClCompile>
    <ClCompile Include="resolve1135.cpp">
      <Filter>源文件</Filter>
    </ClCompile>
    <ClCompile Include="resolve1136.cpp">
      <Filter>源文件</Filter>
    </ClCompile>
    <ClCompile Include="resolve1137.cpp">
      <Filter>源文件</Filter>
    </ClCompile>
  </ItemGroup>
  <ItemGroup>
    <ClInclude Include="common.h">
      <Filter>头文件</Filter>
    </ClInclude>
    <ClInclude Include="resolve1004.h">
      <Filter>头文件</Filter>
    </ClInclude>
    <ClInclude Include="resolve1006.h">
      <Filter>头文件</Filter>
    </ClInclude>
    <ClInclude Include="resolve1005.h">
      <Filter>头文件</Filter>
    </ClInclude>
    <ClInclude Include="resolve1007.h">
      <Filter>头文件</Filter>
    </ClInclude>
    <ClInclude Include="resolve1008.h">
      <Filter>头文件</Filter>
    </ClInclude>
    <ClInclude Include="resolve1009.h">
      <Filter>头文件</Filter>
    </ClInclude>
    <ClInclude Include="resolve1010.h">
      <Filter>头文件</Filter>
    </ClInclude>
    <ClInclude Include="resolve1011.h">
      <Filter>头文件</Filter>
    </ClInclude>
    <ClInclude Include="resolve1012.h">
      <Filter>头文件</Filter>
    </ClInclude>
    <ClInclude Include="resolve1013.h">
      <Filter>头文件</Filter>
    </ClInclude>
    <ClInclude Include="resolve1014.h">
      <Filter>头文件</Filter>
    </ClInclude>
    <ClInclude Include="resolve1015.h">
      <Filter>头文件</Filter>
    </ClInclude>
    <ClInclude Include="resolve1016.h">
      <Filter>头文件</Filter>
    </ClInclude>
    <ClInclude Include="resolve1017.h">
      <Filter>头文件</Filter>
    </ClInclude>
    <ClInclude Include="resolve1018.h">
      <Filter>头文件</Filter>
    </ClInclude>
    <ClInclude Include="resolve1019.h">
      <Filter>头文件</Filter>
    </ClInclude>
    <ClInclude Include="resolve1020.h">
      <Filter>头文件</Filter>
    </ClInclude>
    <ClInclude Include="resolve1021.h">
      <Filter>头文件</Filter>
    </ClInclude>
    <ClInclude Include="resolve1022.h">
      <Filter>头文件</Filter>
    </ClInclude>
    <ClInclude Include="resolve1023.h">
      <Filter>头文件</Filter>
    </ClInclude>
    <ClInclude Include="resolve1024.h">
      <Filter>头文件</Filter>
    </ClInclude>
    <ClInclude Include="resolve1025.h">
      <Filter>头文件</Filter>
    </ClInclude>
    <ClInclude Include="resolve1026.h">
      <Filter>头文件</Filter>
    </ClInclude>
    <ClInclude Include="resolve1027.h">
      <Filter>头文件</Filter>
    </ClInclude>
    <ClInclude Include="resolve1028.h">
      <Filter>头文件</Filter>
    </ClInclude>
    <ClInclude Include="resolve1029.h">
      <Filter>头文件</Filter>
    </ClInclude>
    <ClInclude Include="resolve1030.h">
      <Filter>头文件</Filter>
    </ClInclude>
    <ClInclude Include="resolve1031.h">
      <Filter>头文件</Filter>
    </ClInclude>
    <ClInclude Include="resolve1032.h">
      <Filter>头文件</Filter>
    </ClInclude>
    <ClInclude Include="resolve1033.h">
      <Filter>头文件</Filter>
    </ClInclude>
    <ClInclude Include="resolve1034.h">
      <Filter>头文件</Filter>
    </ClInclude>
    <ClInclude Include="resolve1035.h">
      <Filter>头文件</Filter>
    </ClInclude>
    <ClInclude Include="resolve1036.h">
      <Filter>头文件</Filter>
    </ClInclude>
    <ClInclude Include="resolve1037.h">
      <Filter>头文件</Filter>
    </ClInclude>
    <ClInclude Include="resolve1038.h">
      <Filter>头文件</Filter>
    </ClInclude>
    <ClInclude Include="resolve1039.h">
      <Filter>头文件</Filter>
    </ClInclude>
    <ClInclude Include="resolve1040.h">
      <Filter>头文件</Filter>
    </ClInclude>
    <ClInclude Include="resolve1041.h">
      <Filter>头文件</Filter>
    </ClInclude>
    <ClInclude Include="resolve1042.h">
      <Filter>头文件</Filter>
    </ClInclude>
    <ClInclude Include="resolve1043.h">
      <Filter>头文件</Filter>
    </ClInclude>
    <ClInclude Include="resolve1044.h">
      <Filter>头文件</Filter>
    </ClInclude>
    <ClInclude Include="resolve1045.h">
      <Filter>头文件</Filter>
    </ClInclude>
    <ClInclude Include="resolve1046.h">
      <Filter>头文件</Filter>
    </ClInclude>
    <ClInclude Include="resolve1047.h">
      <Filter>头文件</Filter>
    </ClInclude>
    <ClInclude Include="resolve1048.h">
      <Filter>头文件</Filter>
    </ClInclude>
    <ClInclude Include="resolve1049.h">
      <Filter>头文件</Filter>
    </ClInclude>
    <ClInclude Include="resolve1050.h">
      <Filter>头文件</Filter>
    </ClInclude>
    <ClInclude Include="resolve1051.h">
      <Filter>头文件</Filter>
    </ClInclude>
    <ClInclude Include="resolve1052.h">
      <Filter>头文件</Filter>
    </ClInclude>
    <ClInclude Include="resolve1053.h">
      <Filter>头文件</Filter>
    </ClInclude>
    <ClInclude Include="resolve1054.h">
      <Filter>头文件</Filter>
    </ClInclude>
    <ClInclude Include="resolve1055.h">
      <Filter>头文件</Filter>
    </ClInclude>
    <ClInclude Include="resolve1056.h">
      <Filter>头文件</Filter>
    </ClInclude>
    <ClInclude Include="resolve1057.h">
      <Filter>头文件</Filter>
    </ClInclude>
    <ClInclude Include="resolve1058.h">
      <Filter>头文件</Filter>
    </ClInclude>
    <ClInclude Include="resolve1059.h">
      <Filter>头文件</Filter>
    </ClInclude>
    <ClInclude Include="resolve1061.h">
      <Filter>头文件</Filter>
    </ClInclude>
    <ClInclude Include="resolve1062.h">
      <Filter>头文件</Filter>
    </ClInclude>
    <ClInclude Include="resolve1063.h">
      <Filter>头文件</Filter>
    </ClInclude>
    <ClInclude Include="resolve1064.h">
      <Filter>头文件</Filter>
    </ClInclude>
    <ClInclude Include="resolve1065.h">
      <Filter>头文件</Filter>
    </ClInclude>
    <ClInclude Include="resolve1067.h">
      <Filter>头文件</Filter>
    </ClInclude>
    <ClInclude Include="resolve1066.h">
      <Filter>头文件</Filter>
    </ClInclude>
    <ClInclude Include="resolve1060.h">
      <Filter>头文件</Filter>
    </ClInclude>
    <ClInclude Include="resolve1068.h">
      <Filter>头文件</Filter>
    </ClInclude>
    <ClInclude Include="resolve1069.h">
      <Filter>头文件</Filter>
    </ClInclude>
    <ClInclude Include="resolve1070.h">
      <Filter>头文件</Filter>
    </ClInclude>
    <ClInclude Include="resolve1094.h">
      <Filter>头文件</Filter>
    </ClInclude>
    <ClInclude Include="resolve1093.h">
      <Filter>头文件</Filter>
    </ClInclude>
    <ClInclude Include="resolve1092.h">
      <Filter>头文件</Filter>
    </ClInclude>
    <ClInclude Include="resolve1091.h">
      <Filter>头文件</Filter>
    </ClInclude>
    <ClInclude Include="resolve1090.h">
      <Filter>头文件</Filter>
    </ClInclude>
    <ClInclude Include="resolve1089.h">
      <Filter>头文件</Filter>
    </ClInclude>
    <ClInclude Include="resolve1088.h">
      <Filter>头文件</Filter>
    </ClInclude>
    <ClInclude Include="resolve1087.h">
      <Filter>头文件</Filter>
    </ClInclude>
    <ClInclude Include="resolve1086.h">
      <Filter>头文件</Filter>
    </ClInclude>
    <ClInclude Include="resolve1085.h">
      <Filter>头文件</Filter>
    </ClInclude>
    <ClInclude Include="resolve1084.h">
      <Filter>头文件</Filter>
    </ClInclude>
    <ClInclude Include="resolve1083.h">
      <Filter>头文件</Filter>
    </ClInclude>
    <ClInclude Include="resolve1082.h">
      <Filter>头文件</Filter>
    </ClInclude>
    <ClInclude Include="resolve1081.h">
      <Filter>头文件</Filter>
    </ClInclude>
    <ClInclude Include="resolve1080.h">
      <Filter>头文件</Filter>
    </ClInclude>
    <ClInclude Include="resolve1079.h">
      <Filter>头文件</Filter>
    </ClInclude>
    <ClInclude Include="resolve1078.h">
      <Filter>头文件</Filter>
    </ClInclude>
    <ClInclude Include="resolve1077.h">
      <Filter>头文件</Filter>
    </ClInclude>
    <ClInclude Include="resolve1076.h">
      <Filter>头文件</Filter>
    </ClInclude>
    <ClInclude Include="resolve1075.h">
      <Filter>头文件</Filter>
    </ClInclude>
    <ClInclude Include="resolve1074.h">
      <Filter>头文件</Filter>
    </ClInclude>
    <ClInclude Include="resolve1073.h">
      <Filter>头文件</Filter>
    </ClInclude>
    <ClInclude Include="resolve1072.h">
      <Filter>头文件</Filter>
    </ClInclude>
    <ClInclude Include="resolve1071.h">
      <Filter>头文件</Filter>
    </ClInclude>
    <ClInclude Include="resolve1095.h">
      <Filter>头文件</Filter>
    </ClInclude>
    <ClInclude Include="resolve1096.h">
      <Filter>头文件</Filter>
    </ClInclude>
    <ClInclude Include="resolve1097.h">
      <Filter>头文件</Filter>
    </ClInclude>
    <ClInclude Include="resolve1098.h">
      <Filter>头文件</Filter>
    </ClInclude>
    <ClInclude Include="resolve1099.h">
      <Filter>头文件</Filter>
    </ClInclude>
    <ClInclude Include="resolve1100.h">
      <Filter>头文件</Filter>
    </ClInclude>
    <ClInclude Include="resolve1101.h">
      <Filter>头文件</Filter>
    </ClInclude>
    <ClInclude Include="resolve1102.h">
      <Filter>头文件</Filter>
    </ClInclude>
    <ClInclude Include="resolve1103.h">
      <Filter>头文件</Filter>
    </ClInclude>
    <ClInclude Include="resolve1104.h">
      <Filter>头文件</Filter>
    </ClInclude>
    <ClInclude Include="resolve1105.h">
      <Filter>头文件</Filter>
    </ClInclude>
    <ClInclude Include="resolve1106.h">
      <Filter>头文件</Filter>
    </ClInclude>
    <ClInclude Include="resolve1107.h">
      <Filter>头文件</Filter>
    </ClInclude>
    <ClInclude Include="resolve1108.h">
      <Filter>头文件</Filter>
    </ClInclude>
    <ClInclude Include="resolve1109.h">
      <Filter>头文件</Filter>
    </ClInclude>
    <ClInclude Include="resolve1110.h">
      <Filter>头文件</Filter>
    </ClInclude>
    <ClInclude Include="resolve1111.h">
      <Filter>头文件</Filter>
    </ClInclude>
    <ClInclude Include="resolve1112.h">
      <Filter>头文件</Filter>
    </ClInclude>
    <ClInclude Include="resolve1113.h">
      <Filter>头文件</Filter>
    </ClInclude>
    <ClInclude Include="resolve1114.h">
      <Filter>头文件</Filter>
    </ClInclude>
    <ClInclude Include="resolve1115.h">
      <Filter>头文件</Filter>
    </ClInclude>
    <ClInclude Include="resolve1116.h">
      <Filter>头文件</Filter>
    </ClInclude>
    <ClInclude Include="resolve1117.h">
      <Filter>头文件</Filter>
    </ClInclude>
    <ClInclude Include="resolve1118.h">
      <Filter>头文件</Filter>
    </ClInclude>
    <ClInclude Include="resolve1119.h">
      <Filter>头文件</Filter>
    </ClInclude>
    <ClInclude Include="resolve1120.h">
      <Filter>头文件</Filter>
    </ClInclude>
    <ClInclude Include="resolve1121.h">
      <Filter>头文件</Filter>
    </ClInclude>
    <ClInclude Include="resolve1122.h">
      <Filter>头文件</Filter>
    </ClInclude>
    <ClInclude Include="resolve1123.h">
      <Filter>头文件</Filter>
    </ClInclude>
    <ClInclude Include="resolve1124.h">
      <Filter>头文件</Filter>
    </ClInclude>
    <ClInclude Include="resolve1125.h">
      <Filter>头文件</Filter>
    </ClInclude>
    <ClInclude Include="resolve1126.h">
      <Filter>头文件</Filter>
    </ClInclude>
    <ClInclude Include="resolve1127.h">
      <Filter>头文件</Filter>
    </ClInclude>
    <ClInclude Include="resolve1128.h">
      <Filter>头文件</Filter>
    </ClInclude>
    <ClInclude Include="resolve1129.h">
      <Filter>头文件</Filter>
    </ClInclude>
    <ClInclude Include="resolve1130.h">
      <Filter>头文件</Filter>
    </ClInclude>
    <ClInclude Include="resolve1131.h">
      <Filter>头文件</Filter>
    </ClInclude>
    <ClInclude Include="resolve1132.h">
      <Filter>头文件</Filter>
    </ClInclude>
    <ClInclude Include="resolve1133.h">
      <Filter>头文件</Filter>
    </ClInclude>
    <ClInclude Include="resolve1134.h">
      <Filter>头文件</Filter>
    </ClInclude>
    <ClInclude Include="resolve1135.h">
      <Filter>头文件</Filter>
    </ClInclude>
    <ClInclude Include="resolve1136.h">
      <Filter>头文件</Filter>
    </ClInclude>
    <ClInclude Include="resolve1137.h">
      <Filter>头文件</Filter>
    </ClInclude>
  </ItemGroup>
</Project>